
Microsoft Visual Studio Solution File, Format Version 12.00
# Visual Studio 15
VisualStudioVersion = 15.0.27004.2005
MinimumVisualStudioVersion = 10.0.40219.1
Project("{FAE04EC0-301F-11D3-BF4B-00C04F79EFBC}") = "XamarinDemo.Android", "XamarinDemo\XamarinDemo.Android\XamarinDemo.Android.csproj", "{B63EE446-399C-45B0-A3AD-95DB6193D158}"
EndProject
Project("{FAE04EC0-301F-11D3-BF4B-00C04F79EFBC}") = "XamarinDemo", "XamarinDemo\XamarinDemo\XamarinDemo.csproj", "{B1CBDCA0-4BF1-4AFA-89C5-576321188DB3}"
EndProject
Project("{FAE04EC0-301F-11D3-BF4B-00C04F79EFBC}") = "XamarinDemo.UWP", "XamarinDemo\XamarinDemo.UWP\XamarinDemo.UWP.csproj", "{F95E227B-B619-45CF-855E-CB60B9D4534A}"
EndProject
Project("{FAE04EC0-301F-11D3-BF4B-00C04F79EFBC}") = "XamarinDemo.iOS", "XamarinDemo\XamarinDemo.iOS\XamarinDemo.iOS.csproj", "{B277B4C4-BA2E-4307-B184-1F546D80DFF5}"
EndProject
Global
	GlobalSection(SolutionConfigurationPlatforms) = preSolution
		Ad-Hoc|Any CPU = Ad-Hoc|Any CPU
		Ad-Hoc|ARM = Ad-Hoc|ARM
		Ad-Hoc|iPhone = Ad-Hoc|iPhone
		Ad-Hoc|iPhoneSimulator = Ad-Hoc|iPhoneSimulator
		Ad-Hoc|x64 = Ad-Hoc|x64
		Ad-Hoc|x86 = Ad-Hoc|x86
		AppStore|Any CPU = AppStore|Any CPU
		AppStore|ARM = AppStore|ARM
		AppStore|iPhone = AppStore|iPhone
		AppStore|iPhoneSimulator = AppStore|iPhoneSimulator
		AppStore|x64 = AppStore|x64
		AppStore|x86 = AppStore|x86
		Debug|Any CPU = Debug|Any CPU
		Debug|ARM = Debug|ARM
		Debug|iPhone = Debug|iPhone
		Debug|iPhoneSimulator = Debug|iPhoneSimulator
		Debug|x64 = Debug|x64
		Debug|x86 = Debug|x86
		Release|Any CPU = Release|Any CPU
		Release|ARM = Release|ARM
		Release|iPhone = Release|iPhone
		Release|iPhoneSimulator = Release|iPhoneSimulator
		Release|x64 = Release|x64
		Release|x86 = Release|x86
	EndGlobalSection
	GlobalSection(ProjectConfigurationPlatforms) = postSolution
		{B63EE446-399C-45B0-A3AD-95DB6193D158}.Ad-Hoc|Any CPU.ActiveCfg = Release|Any CPU
		{B63EE446-399C-45B0-A3AD-95DB6193D158}.Ad-Hoc|Any CPU.Build.0 = Release|Any CPU
		{B63EE446-399C-45B0-A3AD-95DB6193D158}.Ad-Hoc|Any CPU.Deploy.0 = Release|Any CPU
		{B63EE446-399C-45B0-A3AD-95DB6193D158}.Ad-Hoc|ARM.ActiveCfg = Release|Any CPU
		{B63EE446-399C-45B0-A3AD-95DB6193D158}.Ad-Hoc|ARM.Build.0 = Release|Any CPU
		{B63EE446-399C-45B0-A3AD-95DB6193D158}.Ad-Hoc|ARM.Deploy.0 = Release|Any CPU
		{B63EE446-399C-45B0-A3AD-95DB6193D158}.Ad-Hoc|iPhone.ActiveCfg = Release|Any CPU
		{B63EE446-399C-45B0-A3AD-95DB6193D158}.Ad-Hoc|iPhone.Build.0 = Release|Any CPU
		{B63EE446-399C-45B0-A3AD-95DB6193D158}.Ad-Hoc|iPhone.Deploy.0 = Release|Any CPU
		{B63EE446-399C-45B0-A3AD-95DB6193D158}.Ad-Hoc|iPhoneSimulator.ActiveCfg = Release|Any CPU
		{B63EE446-399C-45B0-A3AD-95DB6193D158}.Ad-Hoc|iPhoneSimulator.Build.0 = Release|Any CPU
		{B63EE446-399C-45B0-A3AD-95DB6193D158}.Ad-Hoc|iPhoneSimulator.Deploy.0 = Release|Any CPU
		{B63EE446-399C-45B0-A3AD-95DB6193D158}.Ad-Hoc|x64.ActiveCfg = Release|Any CPU
		{B63EE446-399C-45B0-A3AD-95DB6193D158}.Ad-Hoc|x64.Build.0 = Release|Any CPU
		{B63EE446-399C-45B0-A3AD-95DB6193D158}.Ad-Hoc|x64.Deploy.0 = Release|Any CPU
		{B63EE446-399C-45B0-A3AD-95DB6193D158}.Ad-Hoc|x86.ActiveCfg = Release|Any CPU
		{B63EE446-399C-45B0-A3AD-95DB6193D158}.Ad-Hoc|x86.Build.0 = Release|Any CPU
		{B63EE446-399C-45B0-A3AD-95DB6193D158}.Ad-Hoc|x86.Deploy.0 = Release|Any CPU
		{B63EE446-399C-45B0-A3AD-95DB6193D158}.AppStore|Any CPU.ActiveCfg = Release|Any CPU
		{B63EE446-399C-45B0-A3AD-95DB6193D158}.AppStore|Any CPU.Build.0 = Release|Any CPU
		{B63EE446-399C-45B0-A3AD-95DB6193D158}.AppStore|Any CPU.Deploy.0 = Release|Any CPU
		{B63EE446-399C-45B0-A3AD-95DB6193D158}.AppStore|ARM.ActiveCfg = Release|Any CPU
		{B63EE446-399C-45B0-A3AD-95DB6193D158}.AppStore|ARM.Build.0 = Release|Any CPU
		{B63EE446-399C-45B0-A3AD-95DB6193D158}.AppStore|ARM.Deploy.0 = Release|Any CPU
		{B63EE446-399C-45B0-A3AD-95DB6193D158}.AppStore|iPhone.ActiveCfg = Release|Any CPU
		{B63EE446-399C-45B0-A3AD-95DB6193D158}.AppStore|iPhone.Build.0 = Release|Any CPU
		{B63EE446-399C-45B0-A3AD-95DB6193D158}.AppStore|iPhone.Deploy.0 = Release|Any CPU
		{B63EE446-399C-45B0-A3AD-95DB6193D158}.AppStore|iPhoneSimulator.ActiveCfg = Release|Any CPU
		{B63EE446-399C-45B0-A3AD-95DB6193D158}.AppStore|iPhoneSimulator.Build.0 = Release|Any CPU
		{B63EE446-399C-45B0-A3AD-95DB6193D158}.AppStore|iPhoneSimulator.Deploy.0 = Release|Any CPU
		{B63EE446-399C-45B0-A3AD-95DB6193D158}.AppStore|x64.ActiveCfg = Release|Any CPU
		{B63EE446-399C-45B0-A3AD-95DB6193D158}.AppStore|x64.Build.0 = Release|Any CPU
		{B63EE446-399C-45B0-A3AD-95DB6193D158}.AppStore|x64.Deploy.0 = Release|Any CPU
		{B63EE446-399C-45B0-A3AD-95DB6193D158}.AppStore|x86.ActiveCfg = Release|Any CPU
		{B63EE446-399C-45B0-A3AD-95DB6193D158}.AppStore|x86.Build.0 = Release|Any CPU
		{B63EE446-399C-45B0-A3AD-95DB6193D158}.AppStore|x86.Deploy.0 = Release|Any CPU
		{B63EE446-399C-45B0-A3AD-95DB6193D158}.Debug|Any CPU.ActiveCfg = Debug|Any CPU
		{B63EE446-399C-45B0-A3AD-95DB6193D158}.Debug|Any CPU.Build.0 = Debug|Any CPU
		{B63EE446-399C-45B0-A3AD-95DB6193D158}.Debug|Any CPU.Deploy.0 = Debug|Any CPU
		{B63EE446-399C-45B0-A3AD-95DB6193D158}.Debug|ARM.ActiveCfg = Debug|Any CPU
		{B63EE446-399C-45B0-A3AD-95DB6193D158}.Debug|ARM.Build.0 = Debug|Any CPU
		{B63EE446-399C-45B0-A3AD-95DB6193D158}.Debug|ARM.Deploy.0 = Debug|Any CPU
		{B63EE446-399C-45B0-A3AD-95DB6193D158}.Debug|iPhone.ActiveCfg = Debug|Any CPU
		{B63EE446-399C-45B0-A3AD-95DB6193D158}.Debug|iPhone.Build.0 = Debug|Any CPU
		{B63EE446-399C-45B0-A3AD-95DB6193D158}.Debug|iPhone.Deploy.0 = Debug|Any CPU
		{B63EE446-399C-45B0-A3AD-95DB6193D158}.Debug|iPhoneSimulator.ActiveCfg = Debug|Any CPU
		{B63EE446-399C-45B0-A3AD-95DB6193D158}.Debug|iPhoneSimulator.Build.0 = Debug|Any CPU
		{B63EE446-399C-45B0-A3AD-95DB6193D158}.Debug|iPhoneSimulator.Deploy.0 = Debug|Any CPU
		{B63EE446-399C-45B0-A3AD-95DB6193D158}.Debug|x64.ActiveCfg = Debug|Any CPU
		{B63EE446-399C-45B0-A3AD-95DB6193D158}.Debug|x64.Build.0 = Debug|Any CPU
		{B63EE446-399C-45B0-A3AD-95DB6193D158}.Debug|x64.Deploy.0 = Debug|Any CPU
		{B63EE446-399C-45B0-A3AD-95DB6193D158}.Debug|x86.ActiveCfg = Debug|Any CPU
		{B63EE446-399C-45B0-A3AD-95DB6193D158}.Debug|x86.Build.0 = Debug|Any CPU
		{B63EE446-399C-45B0-A3AD-95DB6193D158}.Debug|x86.Deploy.0 = Debug|Any CPU
		{B63EE446-399C-45B0-A3AD-95DB6193D158}.Release|Any CPU.ActiveCfg = Release|Any CPU
		{B63EE446-399C-45B0-A3AD-95DB6193D158}.Release|Any CPU.Build.0 = Release|Any CPU
		{B63EE446-399C-45B0-A3AD-95DB6193D158}.Release|Any CPU.Deploy.0 = Release|Any CPU
		{B63EE446-399C-45B0-A3AD-95DB6193D158}.Release|ARM.ActiveCfg = Release|Any CPU
		{B63EE446-399C-45B0-A3AD-95DB6193D158}.Release|ARM.Build.0 = Release|Any CPU
		{B63EE446-399C-45B0-A3AD-95DB6193D158}.Release|ARM.Deploy.0 = Release|Any CPU
		{B63EE446-399C-45B0-A3AD-95DB6193D158}.Release|iPhone.ActiveCfg = Release|Any CPU
		{B63EE446-399C-45B0-A3AD-95DB6193D158}.Release|iPhone.Build.0 = Release|Any CPU
		{B63EE446-399C-45B0-A3AD-95DB6193D158}.Release|iPhone.Deploy.0 = Release|Any CPU
		{B63EE446-399C-45B0-A3AD-95DB6193D158}.Release|iPhoneSimulator.ActiveCfg = Release|Any CPU
		{B63EE446-399C-45B0-A3AD-95DB6193D158}.Release|iPhoneSimulator.Build.0 = Release|Any CPU
		{B63EE446-399C-45B0-A3AD-95DB6193D158}.Release|iPhoneSimulator.Deploy.0 = Release|Any CPU
		{B63EE446-399C-45B0-A3AD-95DB6193D158}.Release|x64.ActiveCfg = Release|Any CPU
		{B63EE446-399C-45B0-A3AD-95DB6193D158}.Release|x64.Build.0 = Release|Any CPU
		{B63EE446-399C-45B0-A3AD-95DB6193D158}.Release|x64.Deploy.0 = Release|Any CPU
		{B63EE446-399C-45B0-A3AD-95DB6193D158}.Release|x86.ActiveCfg = Release|Any CPU
		{B63EE446-399C-45B0-A3AD-95DB6193D158}.Release|x86.Build.0 = Release|Any CPU
		{B63EE446-399C-45B0-A3AD-95DB6193D158}.Release|x86.Deploy.0 = Release|Any CPU
		{B1CBDCA0-4BF1-4AFA-89C5-576321188DB3}.Ad-Hoc|Any CPU.ActiveCfg = Release|Any CPU
		{B1CBDCA0-4BF1-4AFA-89C5-576321188DB3}.Ad-Hoc|Any CPU.Build.0 = Release|Any CPU
		{B1CBDCA0-4BF1-4AFA-89C5-576321188DB3}.Ad-Hoc|ARM.ActiveCfg = Release|Any CPU
		{B1CBDCA0-4BF1-4AFA-89C5-576321188DB3}.Ad-Hoc|ARM.Build.0 = Release|Any CPU
		{B1CBDCA0-4BF1-4AFA-89C5-576321188DB3}.Ad-Hoc|iPhone.ActiveCfg = Release|Any CPU
		{B1CBDCA0-4BF1-4AFA-89C5-576321188DB3}.Ad-Hoc|iPhone.Build.0 = Release|Any CPU
		{B1CBDCA0-4BF1-4AFA-89C5-576321188DB3}.Ad-Hoc|iPhoneSimulator.ActiveCfg = Release|Any CPU
		{B1CBDCA0-4BF1-4AFA-89C5-576321188DB3}.Ad-Hoc|iPhoneSimulator.Build.0 = Release|Any CPU
		{B1CBDCA0-4BF1-4AFA-89C5-576321188DB3}.Ad-Hoc|x64.ActiveCfg = Release|Any CPU
		{B1CBDCA0-4BF1-4AFA-89C5-576321188DB3}.Ad-Hoc|x64.Build.0 = Release|Any CPU
		{B1CBDCA0-4BF1-4AFA-89C5-576321188DB3}.Ad-Hoc|x86.ActiveCfg = Release|Any CPU
		{B1CBDCA0-4BF1-4AFA-89C5-576321188DB3}.Ad-Hoc|x86.Build.0 = Release|Any CPU
		{B1CBDCA0-4BF1-4AFA-89C5-576321188DB3}.AppStore|Any CPU.ActiveCfg = Release|Any CPU
		{B1CBDCA0-4BF1-4AFA-89C5-576321188DB3}.AppStore|Any CPU.Build.0 = Release|Any CPU
		{B1CBDCA0-4BF1-4AFA-89C5-576321188DB3}.AppStore|ARM.ActiveCfg = Release|Any CPU
		{B1CBDCA0-4BF1-4AFA-89C5-576321188DB3}.AppStore|ARM.Build.0 = Release|Any CPU
		{B1CBDCA0-4BF1-4AFA-89C5-576321188DB3}.AppStore|iPhone.ActiveCfg = Release|Any CPU
		{B1CBDCA0-4BF1-4AFA-89C5-576321188DB3}.AppStore|iPhone.Build.0 = Release|Any CPU
		{B1CBDCA0-4BF1-4AFA-89C5-576321188DB3}.AppStore|iPhoneSimulator.ActiveCfg = Release|Any CPU
		{B1CBDCA0-4BF1-4AFA-89C5-576321188DB3}.AppStore|iPhoneSimulator.Build.0 = Release|Any CPU
		{B1CBDCA0-4BF1-4AFA-89C5-576321188DB3}.AppStore|x64.ActiveCfg = Release|Any CPU
		{B1CBDCA0-4BF1-4AFA-89C5-576321188DB3}.AppStore|x64.Build.0 = Release|Any CPU
		{B1CBDCA0-4BF1-4AFA-89C5-576321188DB3}.AppStore|x86.ActiveCfg = Release|Any CPU
		{B1CBDCA0-4BF1-4AFA-89C5-576321188DB3}.AppStore|x86.Build.0 = Release|Any CPU
		{B1CBDCA0-4BF1-4AFA-89C5-576321188DB3}.Debug|Any CPU.ActiveCfg = Debug|Any CPU
		{B1CBDCA0-4BF1-4AFA-89C5-576321188DB3}.Debug|Any CPU.Build.0 = Debug|Any CPU
		{B1CBDCA0-4BF1-4AFA-89C5-576321188DB3}.Debug|ARM.ActiveCfg = Debug|Any CPU
		{B1CBDCA0-4BF1-4AFA-89C5-576321188DB3}.Debug|ARM.Build.0 = Debug|Any CPU
		{B1CBDCA0-4BF1-4AFA-89C5-576321188DB3}.Debug|iPhone.ActiveCfg = Debug|Any CPU
		{B1CBDCA0-4BF1-4AFA-89C5-576321188DB3}.Debug|iPhone.Build.0 = Debug|Any CPU
		{B1CBDCA0-4BF1-4AFA-89C5-576321188DB3}.Debug|iPhoneSimulator.ActiveCfg = Debug|Any CPU
		{B1CBDCA0-4BF1-4AFA-89C5-576321188DB3}.Debug|iPhoneSimulator.Build.0 = Debug|Any CPU
		{B1CBDCA0-4BF1-4AFA-89C5-576321188DB3}.Debug|x64.ActiveCfg = Debug|Any CPU
		{B1CBDCA0-4BF1-4AFA-89C5-576321188DB3}.Debug|x64.Build.0 = Debug|Any CPU
		{B1CBDCA0-4BF1-4AFA-89C5-576321188DB3}.Debug|x86.ActiveCfg = Debug|Any CPU
		{B1CBDCA0-4BF1-4AFA-89C5-576321188DB3}.Debug|x86.Build.0 = Debug|Any CPU
		{B1CBDCA0-4BF1-4AFA-89C5-576321188DB3}.Release|Any CPU.ActiveCfg = Release|Any CPU
		{B1CBDCA0-4BF1-4AFA-89C5-576321188DB3}.Release|Any CPU.Build.0 = Release|Any CPU
		{B1CBDCA0-4BF1-4AFA-89C5-576321188DB3}.Release|ARM.ActiveCfg = Release|Any CPU
		{B1CBDCA0-4BF1-4AFA-89C5-576321188DB3}.Release|ARM.Build.0 = Release|Any CPU
		{B1CBDCA0-4BF1-4AFA-89C5-576321188DB3}.Release|iPhone.ActiveCfg = Release|Any CPU
		{B1CBDCA0-4BF1-4AFA-89C5-576321188DB3}.Release|iPhone.Build.0 = Release|Any CPU
		{B1CBDCA0-4BF1-4AFA-89C5-576321188DB3}.Release|iPhoneSimulator.ActiveCfg = Release|Any CPU
		{B1CBDCA0-4BF1-4AFA-89C5-576321188DB3}.Release|iPhoneSimulator.Build.0 = Release|Any CPU
		{B1CBDCA0-4BF1-4AFA-89C5-576321188DB3}.Release|x64.ActiveCfg = Release|Any CPU
		{B1CBDCA0-4BF1-4AFA-89C5-576321188DB3}.Release|x64.Build.0 = Release|Any CPU
		{B1CBDCA0-4BF1-4AFA-89C5-576321188DB3}.Release|x86.ActiveCfg = Release|Any CPU
		{B1CBDCA0-4BF1-4AFA-89C5-576321188DB3}.Release|x86.Build.0 = Release|Any CPU
		{F95E227B-B619-45CF-855E-CB60B9D4534A}.Ad-Hoc|Any CPU.ActiveCfg = Release|x86
		{F95E227B-B619-45CF-855E-CB60B9D4534A}.Ad-Hoc|Any CPU.Build.0 = Release|x86
		{F95E227B-B619-45CF-855E-CB60B9D4534A}.Ad-Hoc|Any CPU.Deploy.0 = Release|x86
		{F95E227B-B619-45CF-855E-CB60B9D4534A}.Ad-Hoc|ARM.ActiveCfg = Release|ARM
		{F95E227B-B619-45CF-855E-CB60B9D4534A}.Ad-Hoc|ARM.Build.0 = Release|ARM
		{F95E227B-B619-45CF-855E-CB60B9D4534A}.Ad-Hoc|ARM.Deploy.0 = Release|ARM
		{F95E227B-B619-45CF-855E-CB60B9D4534A}.Ad-Hoc|iPhone.ActiveCfg = Release|x86
		{F95E227B-B619-45CF-855E-CB60B9D4534A}.Ad-Hoc|iPhone.Build.0 = Release|x86
		{F95E227B-B619-45CF-855E-CB60B9D4534A}.Ad-Hoc|iPhone.Deploy.0 = Release|x86
		{F95E227B-B619-45CF-855E-CB60B9D4534A}.Ad-Hoc|iPhoneSimulator.ActiveCfg = Release|x86
		{F95E227B-B619-45CF-855E-CB60B9D4534A}.Ad-Hoc|iPhoneSimulator.Build.0 = Release|x86
		{F95E227B-B619-45CF-855E-CB60B9D4534A}.Ad-Hoc|iPhoneSimulator.Deploy.0 = Release|x86
		{F95E227B-B619-45CF-855E-CB60B9D4534A}.Ad-Hoc|x64.ActiveCfg = Release|x64
		{F95E227B-B619-45CF-855E-CB60B9D4534A}.Ad-Hoc|x64.Build.0 = Release|x64
		{F95E227B-B619-45CF-855E-CB60B9D4534A}.Ad-Hoc|x64.Deploy.0 = Release|x64
		{F95E227B-B619-45CF-855E-CB60B9D4534A}.Ad-Hoc|x86.ActiveCfg = Release|x86
		{F95E227B-B619-45CF-855E-CB60B9D4534A}.Ad-Hoc|x86.Build.0 = Release|x86
		{F95E227B-B619-45CF-855E-CB60B9D4534A}.Ad-Hoc|x86.Deploy.0 = Release|x86
		{F95E227B-B619-45CF-855E-CB60B9D4534A}.AppStore|Any CPU.ActiveCfg = Release|x86
		{F95E227B-B619-45CF-855E-CB60B9D4534A}.AppStore|Any CPU.Build.0 = Release|x86
		{F95E227B-B619-45CF-855E-CB60B9D4534A}.AppStore|Any CPU.Deploy.0 = Release|x86
		{F95E227B-B619-45CF-855E-CB60B9D4534A}.AppStore|ARM.ActiveCfg = Release|ARM
		{F95E227B-B619-45CF-855E-CB60B9D4534A}.AppStore|ARM.Build.0 = Release|ARM
		{F95E227B-B619-45CF-855E-CB60B9D4534A}.AppStore|ARM.Deploy.0 = Release|ARM
		{F95E227B-B619-45CF-855E-CB60B9D4534A}.AppStore|iPhone.ActiveCfg = Release|x86
		{F95E227B-B619-45CF-855E-CB60B9D4534A}.AppStore|iPhone.Build.0 = Release|x86
		{F95E227B-B619-45CF-855E-CB60B9D4534A}.AppStore|iPhone.Deploy.0 = Release|x86
		{F95E227B-B619-45CF-855E-CB60B9D4534A}.AppStore|iPhoneSimulator.ActiveCfg = Release|x86
		{F95E227B-B619-45CF-855E-CB60B9D4534A}.AppStore|iPhoneSimulator.Build.0 = Release|x86
		{F95E227B-B619-45CF-855E-CB60B9D4534A}.AppStore|iPhoneSimulator.Deploy.0 = Release|x86
		{F95E227B-B619-45CF-855E-CB60B9D4534A}.AppStore|x64.ActiveCfg = Release|x64
		{F95E227B-B619-45CF-855E-CB60B9D4534A}.AppStore|x64.Build.0 = Release|x64
		{F95E227B-B619-45CF-855E-CB60B9D4534A}.AppStore|x64.Deploy.0 = Release|x64
		{F95E227B-B619-45CF-855E-CB60B9D4534A}.AppStore|x86.ActiveCfg = Release|x86
		{F95E227B-B619-45CF-855E-CB60B9D4534A}.AppStore|x86.Build.0 = Release|x86
		{F95E227B-B619-45CF-855E-CB60B9D4534A}.AppStore|x86.Deploy.0 = Release|x86
		{F95E227B-B619-45CF-855E-CB60B9D4534A}.Debug|Any CPU.ActiveCfg = Debug|x86
		{F95E227B-B619-45CF-855E-CB60B9D4534A}.Debug|ARM.ActiveCfg = Debug|ARM
		{F95E227B-B619-45CF-855E-CB60B9D4534A}.Debug|ARM.Build.0 = Debug|ARM
		{F95E227B-B619-45CF-855E-CB60B9D4534A}.Debug|ARM.Deploy.0 = Debug|ARM
		{F95E227B-B619-45CF-855E-CB60B9D4534A}.Debug|iPhone.ActiveCfg = Debug|x86
		{F95E227B-B619-45CF-855E-CB60B9D4534A}.Debug|iPhoneSimulator.ActiveCfg = Debug|x86
		{F95E227B-B619-45CF-855E-CB60B9D4534A}.Debug|x64.ActiveCfg = Debug|x64
		{F95E227B-B619-45CF-855E-CB60B9D4534A}.Debug|x64.Build.0 = Debug|x64
		{F95E227B-B619-45CF-855E-CB60B9D4534A}.Debug|x64.Deploy.0 = Debug|x64
		{F95E227B-B619-45CF-855E-CB60B9D4534A}.Debug|x86.ActiveCfg = Debug|x86
		{F95E227B-B619-45CF-855E-CB60B9D4534A}.Debug|x86.Build.0 = Debug|x86
		{F95E227B-B619-45CF-855E-CB60B9D4534A}.Debug|x86.Deploy.0 = Debug|x86
		{F95E227B-B619-45CF-855E-CB60B9D4534A}.Release|Any CPU.ActiveCfg = Release|x86
		{F95E227B-B619-45CF-855E-CB60B9D4534A}.Release|ARM.ActiveCfg = Release|ARM
		{F95E227B-B619-45CF-855E-CB60B9D4534A}.Release|ARM.Build.0 = Release|ARM
		{F95E227B-B619-45CF-855E-CB60B9D4534A}.Release|ARM.Deploy.0 = Release|ARM
		{F95E227B-B619-45CF-855E-CB60B9D4534A}.Release|iPhone.ActiveCfg = Release|x86
		{F95E227B-B619-45CF-855E-CB60B9D4534A}.Release|iPhoneSimulator.ActiveCfg = Release|x86
		{F95E227B-B619-45CF-855E-CB60B9D4534A}.Release|x64.ActiveCfg = Release|x64
		{F95E227B-B619-45CF-855E-CB60B9D4534A}.Release|x64.Build.0 = Release|x64
		{F95E227B-B619-45CF-855E-CB60B9D4534A}.Release|x64.Deploy.0 = Release|x64
		{F95E227B-B619-45CF-855E-CB60B9D4534A}.Release|x86.ActiveCfg = Release|x86
		{F95E227B-B619-45CF-855E-CB60B9D4534A}.Release|x86.Build.0 = Release|x86
		{F95E227B-B619-45CF-855E-CB60B9D4534A}.Release|x86.Deploy.0 = Release|x86
		{B277B4C4-BA2E-4307-B184-1F546D80DFF5}.Ad-Hoc|Any CPU.ActiveCfg = Ad-Hoc|iPhoneSimulator
		{B277B4C4-BA2E-4307-B184-1F546D80DFF5}.Ad-Hoc|ARM.ActiveCfg = Ad-Hoc|iPhone
		{B277B4C4-BA2E-4307-B184-1F546D80DFF5}.Ad-Hoc|iPhone.ActiveCfg = Ad-Hoc|iPhone
		{B277B4C4-BA2E-4307-B184-1F546D80DFF5}.Ad-Hoc|iPhone.Build.0 = Ad-Hoc|iPhone
		{B277B4C4-BA2E-4307-B184-1F546D80DFF5}.Ad-Hoc|iPhoneSimulator.ActiveCfg = Ad-Hoc|iPhoneSimulator
		{B277B4C4-BA2E-4307-B184-1F546D80DFF5}.Ad-Hoc|iPhoneSimulator.Build.0 = Ad-Hoc|iPhoneSimulator
		{B277B4C4-BA2E-4307-B184-1F546D80DFF5}.Ad-Hoc|x64.ActiveCfg = Ad-Hoc|iPhone
		{B277B4C4-BA2E-4307-B184-1F546D80DFF5}.Ad-Hoc|x86.ActiveCfg = Ad-Hoc|iPhone
		{B277B4C4-BA2E-4307-B184-1F546D80DFF5}.AppStore|Any CPU.ActiveCfg = AppStore|iPhoneSimulator
		{B277B4C4-BA2E-4307-B184-1F546D80DFF5}.AppStore|ARM.ActiveCfg = AppStore|iPhone
		{B277B4C4-BA2E-4307-B184-1F546D80DFF5}.AppStore|iPhone.ActiveCfg = AppStore|iPhone
		{B277B4C4-BA2E-4307-B184-1F546D80DFF5}.AppStore|iPhone.Build.0 = AppStore|iPhone
		{B277B4C4-BA2E-4307-B184-1F546D80DFF5}.AppStore|iPhoneSimulator.ActiveCfg = AppStore|iPhoneSimulator
		{B277B4C4-BA2E-4307-B184-1F546D80DFF5}.AppStore|iPhoneSimulator.Build.0 = AppStore|iPhoneSimulator
		{B277B4C4-BA2E-4307-B184-1F546D80DFF5}.AppStore|x64.ActiveCfg = AppStore|iPhone
		{B277B4C4-BA2E-4307-B184-1F546D80DFF5}.AppStore|x86.ActiveCfg = AppStore|iPhone
		{B277B4C4-BA2E-4307-B184-1F546D80DFF5}.Debug|Any CPU.ActiveCfg = Debug|iPhoneSimulator
		{B277B4C4-BA2E-4307-B184-1F546D80DFF5}.Debug|ARM.ActiveCfg = Debug|iPhone
		{B277B4C4-BA2E-4307-B184-1F546D80DFF5}.Debug|iPhone.ActiveCfg = Debug|iPhone
		{B277B4C4-BA2E-4307-B184-1F546D80DFF5}.Debug|iPhone.Build.0 = Debug|iPhone
		{B277B4C4-BA2E-4307-B184-1F546D80DFF5}.Debug|iPhoneSimulator.ActiveCfg = Debug|iPhoneSimulator
		{B277B4C4-BA2E-4307-B184-1F546D80DFF5}.Debug|iPhoneSimulator.Build.0 = Debug|iPhoneSimulator
		{B277B4C4-BA2E-4307-B184-1F546D80DFF5}.Debug|x64.ActiveCfg = Debug|iPhone
		{B277B4C4-BA2E-4307-B184-1F546D80DFF5}.Debug|x86.ActiveCfg = Debug|iPhone
		{B277B4C4-BA2E-4307-B184-1F546D80DFF5}.Release|Any CPU.ActiveCfg = Release|iPhoneSimulator
		{B277B4C4-BA2E-4307-B184-1F546D80DFF5}.Release|ARM.ActiveCfg = Release|iPhone
		{B277B4C4-BA2E-4307-B184-1F546D80DFF5}.Release|iPhone.ActiveCfg = Release|iPhone
		{B277B4C4-BA2E-4307-B184-1F546D80DFF5}.Release|iPhone.Build.0 = Release|iPhone
		{B277B4C4-BA2E-4307-B184-1F546D80DFF5}.Release|iPhoneSimulator.ActiveCfg = Release|iPhoneSimulator
		{B277B4C4-BA2E-4307-B184-1F546D80DFF5}.Release|iPhoneSimulator.Build.0 = Release|iPhoneSimulator
		{B277B4C4-BA2E-4307-B184-1F546D80DFF5}.Release|x64.ActiveCfg = Release|iPhone
		{B277B4C4-BA2E-4307-B184-1F546D80DFF5}.Release|x86.ActiveCfg = Release|iPhone
	EndGlobalSection
	GlobalSection(SolutionProperties) = preSolution
		HideSolutionNode = FALSE
	EndGlobalSection
	GlobalSection(ExtensibilityGlobals) = postSolution
		SolutionGuid = {2F91DABF-68B7-4705-BD49-BFCDC4D51567}
	EndGlobalSection
EndGlobal
